schema: '2.0'
stages:
  prepare_dataset_configs:
    cmd: uv run python create_datastore_config.py --train_duration P2W --input_path
      data/base_datastore.yaml --output_path data/datastore.yaml
    deps:
    - path: create_datastore_config.py
      hash: md5
      md5: 93c48e5dc641993e85bc273bfe349f63
      size: 1376
    - path: data/base_datastore.yaml
      hash: md5
      md5: 63971f1cf62762f87451d2c5e4d92c2d
      size: 2882
    outs:
    - path: data/datastore.yaml
      hash: md5
      md5: f8ba4cb4308bb420d5f6ac1795e1eb6f
      size: 2292
  prepare_dataset:
    cmd: uv run python -m mllam_data_prep data/datastore.yaml --output data/datastore.zarr  --dask-distributed-local-core-fraction
      0.2
    deps:
    - path: data/datastore.yaml
      hash: md5
      md5: 709f7f11c617fb5dc27bbd124d8d6adc
      size: 3547
    outs:
    - path: data/datastore.zarr
      hash: md5
      md5: c06b6d0f49dbc3c4210ee044b7548bce.dir
      size: 117860179748
      nfiles: 58550
